// !$*UTF8*$!
{
	archiveVersion = 1;
	classes = {
	};
	objectVersion = 77;
	objects = {

/* Begin PBXBuildFile section */
		01AD1E853E8C7FD58AF576E9 /* ContentView.swift in Sources */ = {isa = PBXBuildFile; fileRef = 4E61FD3FD2B408D9A8D7D8E0 /* ContentView.swift */; };
		0704C59F11814237F711C53B /* Note.swift in Sources */ = {isa = PBXBuildFile; fileRef = 1079E75DF4BD08C37A84A968 /* Note.swift */; };
		0AA0F4266BC3B6F6B8F1B814 /* Assets.xcassets in Resources */ = {isa = PBXBuildFile; fileRef = 0F652DB919B58BC615BE4B57 /* Assets.xcassets */; };
		0BA6C6E06F9D0E3229505304 /* NoteDetailView.swift in Sources */ = {isa = PBXBuildFile; fileRef = 490BB48DEEA279237A8A473B /* NoteDetailView.swift */; };
		0CE3108F96E9D7194EC940D9 /* AscanReportListView.swift in Sources */ = {isa = PBXBuildFile; fileRef = E466F11801DBE484BAC936A3 /* AscanReportListView.swift */; };
		0ECBE548FC6E276B8B040258 /* ContentView.swift in Sources */ = {isa = PBXBuildFile; fileRef = 4E61FD3FD2B408D9A8D7D8E0 /* ContentView.swift */; };
		10D7E5E046E729E33FFEE314 /* MainSidebar.swift in Sources */ = {isa = PBXBuildFile; fileRef = 2BCCCC76ED5579DC573ABA62 /* MainSidebar.swift */; };
		10F0F2F51DCD8A5B64EFB8DE /* NoteOneApp.swift in Sources */ = {isa = PBXBuildFile; fileRef = B53ED8E35D26CEB9AE6C9816 /* NoteOneApp.swift */; };
		10F5263C8963D04F59AE8FEF /* APIClient.swift in Sources */ = {isa = PBXBuildFile; fileRef = A147139B5F8A558D8AB007CC /* APIClient.swift */; };
		1247B34F985FEF5628352116 /* MCPInstallView.swift in Sources */ = {isa = PBXBuildFile; fileRef = CDF28AE8C3C361172D698542 /* MCPInstallView.swift */; };
		1618DF935486DBE43FD7E509 /* Theme.swift in Sources */ = {isa = PBXBuildFile; fileRef = 82FA9FA28AD13D36EB22561F /* Theme.swift */; };
		16E3680BEE83F8BA9584A1C3 /* MainSplitView.swift in Sources */ = {isa = PBXBuildFile; fileRef = 4E875B6C24D11D9C0898293C /* MainSplitView.swift */; };
		1AC8A13C778ED964BFC1C4D9 /* FloatingPanel.swift in Sources */ = {isa = PBXBuildFile; fileRef = C4CA362CA9A0DEF17406F4EB /* FloatingPanel.swift */; };
		1ED5F854C10518D271CF0465 /* MainSidebar.swift in Sources */ = {isa = PBXBuildFile; fileRef = 2BCCCC76ED5579DC573ABA62 /* MainSidebar.swift */; };
		23E4E7BCE5EC5DFB1F995E43 /* AscanModels.swift in Sources */ = {isa = PBXBuildFile; fileRef = 57D0D4C30A3BC535056D7A10 /* AscanModels.swift */; };
		25DBE5C91BD9DA63F932CF98 /* TrashView.swift in Sources */ = {isa = PBXBuildFile; fileRef = CE43870CCBC22B239AB8DFFD /* TrashView.swift */; };
		25F63C874DD497A5ED6977C8 /* AscanView.swift in Sources */ = {isa = PBXBuildFile; fileRef = E6E762FC507022AF17F62E03 /* AscanView.swift */; };
		2616763C45E756EEFFF3E380 /* NoteListView.swift in Sources */ = {isa = PBXBuildFile; fileRef = 41D0A97460BE3D35B5B5E39C /* NoteListView.swift */; };
		29B03C832D82CADE94C2F67B /* HotkeyManager.swift in Sources */ = {isa = PBXBuildFile; fileRef = 299BB6DDC2A846F60D72E1F0 /* HotkeyManager.swift */; };
		2B8C5F1D4C871851581171BA /* MCPInstallView.swift in Sources */ = {isa = PBXBuildFile; fileRef = CDF28AE8C3C361172D698542 /* MCPInstallView.swift */; };
		2BC4131212ABE644E3B8DAEA /* Tag.swift in Sources */ = {isa = PBXBuildFile; fileRef = 76C21DFC46974BFDA55F2506 /* Tag.swift */; };
		2D3CBB2E9C348E13172B654B /* AscanConfigView.swift in Sources */ = {isa = PBXBuildFile; fileRef = C1C58163DA04DCC6DB3C1161 /* AscanConfigView.swift */; };
		3007C9B5986F112253CAE6F3 /* KeychainHelper.swift in Sources */ = {isa = PBXBuildFile; fileRef = E127F96E2FB02EA2DA6E6483 /* KeychainHelper.swift */; };
		32B81D1B2D186399D5F7F9D0 /* WechatConfigSheet.swift in Sources */ = {isa = PBXBuildFile; fileRef = 22B779E3EEA5B5ACB09EF434 /* WechatConfigSheet.swift */; };
		3388C8E60E0175207F77FCD8 /* AuthModels.swift in Sources */ = {isa = PBXBuildFile; fileRef = A3BD15B7D499E6E1E88A3232 /* AuthModels.swift */; };
		339AF008D8024E6745D78291 /* NottyView.swift in Sources */ = {isa = PBXBuildFile; fileRef = 9509847332E1CD6E94D93766 /* NottyView.swift */; };
		37554AF0D24204D3657B6399 /* SettingsView.swift in Sources */ = {isa = PBXBuildFile; fileRef = 1CAE42C45E7C1F386B7D82FD /* SettingsView.swift */; };
		3F0CCA0684CF8A06E2D1BA95 /* NottyView.swift in Sources */ = {isa = PBXBuildFile; fileRef = 9509847332E1CD6E94D93766 /* NottyView.swift */; };
		3F5C09D2FEC610090FABBFF6 /* DailyReport.swift in Sources */ = {isa = PBXBuildFile; fileRef = 096AC32613C23DFBA4FE9C76 /* DailyReport.swift */; };
		3FFB0395699513A12ED73F26 /* AscanModels.swift in Sources */ = {isa = PBXBuildFile; fileRef = 57D0D4C30A3BC535056D7A10 /* AscanModels.swift */; };
		42CC348E8287CFB43DE32808 /* DropPayloadStore.swift in Sources */ = {isa = PBXBuildFile; fileRef = 09673A90D04295D8ADE17C3E /* DropPayloadStore.swift */; };
		42EB627D9FCCA905E02A9744 /* SettingsView.swift in Sources */ = {isa = PBXBuildFile; fileRef = 1CAE42C45E7C1F386B7D82FD /* SettingsView.swift */; };
		4459BFB7C1293B7493ACD5AD /* MainSplitView.swift in Sources */ = {isa = PBXBuildFile; fileRef = 4E875B6C24D11D9C0898293C /* MainSplitView.swift */; };
		44C8046955AC4D6D3DE2DD6B /* CaptureView.swift in Sources */ = {isa = PBXBuildFile; fileRef = 73BC93FEB9429E19B23B5E29 /* CaptureView.swift */; };
		47C9A03ECAFB28A15047D880 /* DropPayloadStore.swift in Sources */ = {isa = PBXBuildFile; fileRef = 09673A90D04295D8ADE17C3E /* DropPayloadStore.swift */; };
		5802ECF1F8EF845155DFD2C4 /* Tag.swift in Sources */ = {isa = PBXBuildFile; fileRef = 76C21DFC46974BFDA55F2506 /* Tag.swift */; };
		58F5346BC6D2D527DB1810AB /* ReportScheduler.swift in Sources */ = {isa = PBXBuildFile; fileRef = D1E6049FD1E08FF125D9F2C7 /* ReportScheduler.swift */; };
		5AAC27E42588329568F30FAE /* WechatConfigSheet.swift in Sources */ = {isa = PBXBuildFile; fileRef = 22B779E3EEA5B5ACB09EF434 /* WechatConfigSheet.swift */; };
		5E37CEDE27F2B3C18154E873 /* AuthModels.swift in Sources */ = {isa = PBXBuildFile; fileRef = A3BD15B7D499E6E1E88A3232 /* AuthModels.swift */; };
		60E4FDF6D02AC774D26991F1 /* AscanReportDetailView.swift in Sources */ = {isa = PBXBuildFile; fileRef = C5C40C18CBEE1BFC465F5798 /* AscanReportDetailView.swift */; };
		62B3E429A88D8775DCFA5CB6 /* ChatMessage.swift in Sources */ = {isa = PBXBuildFile; fileRef = 37B602EDB986B9E9A44D794F /* ChatMessage.swift */; };
		6AE477980D253F7C5E90C276 /* FloatingPanel.swift in Sources */ = {isa = PBXBuildFile; fileRef = C4CA362CA9A0DEF17406F4EB /* FloatingPanel.swift */; };
		704AD0EFD6A50EF4E1FE7E24 /* NoteListView.swift in Sources */ = {isa = PBXBuildFile; fileRef = 41D0A97460BE3D35B5B5E39C /* NoteListView.swift */; };
		706218EFE6D537894BBA5531 /* KeychainHelper.swift in Sources */ = {isa = PBXBuildFile; fileRef = E127F96E2FB02EA2DA6E6483 /* KeychainHelper.swift */; };
		71EEC1DDB69116CF9E39ED4C /* NoteDragPayload.swift in Sources */ = {isa = PBXBuildFile; fileRef = 83FCC5C0224750CD7B2821EC /* NoteDragPayload.swift */; };
		752867F30AE0200A5275A792 /* ShareViewController.swift in Sources */ = {isa = PBXBuildFile; fileRef = 71CF96D60D564E9C8477248C /* ShareViewController.swift */; };
		7900B47DAC5B115E6C8BC65D /* CaptureView.swift in Sources */ = {isa = PBXBuildFile; fileRef = 73BC93FEB9429E19B23B5E29 /* CaptureView.swift */; };
		8BF3A100A1EAFA95E9F52688 /* AscanView.swift in Sources */ = {isa = PBXBuildFile; fileRef = E6E762FC507022AF17F62E03 /* AscanView.swift */; };
		8EF57FDC2D85A8B72B4E15ED /* NoteDragPayload.swift in Sources */ = {isa = PBXBuildFile; fileRef = 83FCC5C0224750CD7B2821EC /* NoteDragPayload.swift */; };
		9B3AA753FA557CDA9E899BEA /* ShareSheet.swift in Sources */ = {isa = PBXBuildFile; fileRef = 37F332F07FEEED5830F8D113 /* ShareSheet.swift */; };
		A276D326307511A5192F6C58 /* AuthService.swift in Sources */ = {isa = PBXBuildFile; fileRef = 09BC0033D2386FF0223874AF /* AuthService.swift */; };
		A2800C9A83B55804E7753C0F /* LoginView.swift in Sources */ = {isa = PBXBuildFile; fileRef = 1F93BB424A479EE7F81E50F0 /* LoginView.swift */; };
		A799A0E95E29799214E6114B /* HotkeyRecorderField.swift in Sources */ = {isa = PBXBuildFile; fileRef = 04E851A2481E24C52DA0DF93 /* HotkeyRecorderField.swift */; };
		A80FEA9ED8D0B7507FDBDB46 /* APIClient.swift in Sources */ = {isa = PBXBuildFile; fileRef = A147139B5F8A558D8AB007CC /* APIClient.swift */; };
		B47FCC10098D017F3D146CE3 /* SyncQueue.swift in Sources */ = {isa = PBXBuildFile; fileRef = 14E6C7017395B182C0EB0733 /* SyncQueue.swift */; };
		B53C64BD271955A8ED4CBC62 /* ReportsView.swift in Sources */ = {isa = PBXBuildFile; fileRef = 6BEA8C791A16C5CC865643D6 /* ReportsView.swift */; };
		B71C4E81A9A2EEF6987D2B43 /* ChatMessage.swift in Sources */ = {isa = PBXBuildFile; fileRef = 37B602EDB986B9E9A44D794F /* ChatMessage.swift */; };
		B73B4E0F7C9199E1D24D78C2 /* AuthService.swift in Sources */ = {isa = PBXBuildFile; fileRef = 09BC0033D2386FF0223874AF /* AuthService.swift */; };
		BE542556499CAE7E9BEB758B /* ReportScheduler.swift in Sources */ = {isa = PBXBuildFile; fileRef = D1E6049FD1E08FF125D9F2C7 /* ReportScheduler.swift */; };
		BED52FECAD8F2EC26D54A16E /* AscanReportListView.swift in Sources */ = {isa = PBXBuildFile; fileRef = E466F11801DBE484BAC936A3 /* AscanReportListView.swift */; };
		C38213479D5D7D981128ED72 /* AscanConfigView.swift in Sources */ = {isa = PBXBuildFile; fileRef = C1C58163DA04DCC6DB3C1161 /* AscanConfigView.swift */; };
		C9D7063EF8E499B5BE1ECFAC /* ServerLauncher.swift in Sources */ = {isa = PBXBuildFile; fileRef = 77E200FAAB3020409357DC43 /* ServerLauncher.swift */; };
		CB6B65E525BD4E0FD9A4737F /* ShareSheet.swift in Sources */ = {isa = PBXBuildFile; fileRef = 37F332F07FEEED5830F8D113 /* ShareSheet.swift */; };
		CE803CC25812D868463936C7 /* DailyReport.swift in Sources */ = {isa = PBXBuildFile; fileRef = 096AC32613C23DFBA4FE9C76 /* DailyReport.swift */; };
		D066AA834CCD05574AD60493 /* AscanReportDetailView.swift in Sources */ = {isa = PBXBuildFile; fileRef = C5C40C18CBEE1BFC465F5798 /* AscanReportDetailView.swift */; };
		D2AB1E78DFD98BB543335A16 /* NoteOneApp.swift in Sources */ = {isa = PBXBuildFile; fileRef = B53ED8E35D26CEB9AE6C9816 /* NoteOneApp.swift */; };
		D8974388C3F186B91C9DC7DF /* LoginView.swift in Sources */ = {isa = PBXBuildFile; fileRef = 1F93BB424A479EE7F81E50F0 /* LoginView.swift */; };
		D93A6AA6BE5BADE41BB54865 /* Theme.swift in Sources */ = {isa = PBXBuildFile; fileRef = 82FA9FA28AD13D36EB22561F /* Theme.swift */; };
		DA236F8F411BE8264DB35516 /* Assets.xcassets in Resources */ = {isa = PBXBuildFile; fileRef = 0F652DB919B58BC615BE4B57 /* Assets.xcassets */; };
		DB89638BBDCE0136E772803D /* TrashView.swift in Sources */ = {isa = PBXBuildFile; fileRef = CE43870CCBC22B239AB8DFFD /* TrashView.swift */; };
		DB918CB34CC939B90F2DCA24 /* UnifiedSettingsView.swift in Sources */ = {isa = PBXBuildFile; fileRef = A90E817CE5C78342A6CC13B7 /* UnifiedSettingsView.swift */; };
		DC616C076ECDAADD95034C6C /* ReportsView.swift in Sources */ = {isa = PBXBuildFile; fileRef = 6BEA8C791A16C5CC865643D6 /* ReportsView.swift */; };
		DF5D981F89DBB27AA09D34B5 /* NoteDetailView.swift in Sources */ = {isa = PBXBuildFile; fileRef = 490BB48DEEA279237A8A473B /* NoteDetailView.swift */; };
		E2C4A2A8486497040D2ED8F8 /* UnifiedSettingsView.swift in Sources */ = {isa = PBXBuildFile; fileRef = A90E817CE5C78342A6CC13B7 /* UnifiedSettingsView.swift */; };
		E67A7D512495E908E56DF3DC /* HotkeyRecorderField.swift in Sources */ = {isa = PBXBuildFile; fileRef = 04E851A2481E24C52DA0DF93 /* HotkeyRecorderField.swift */; };
		E821B6AB0140CC645D83574C /* HotkeyManager.swift in Sources */ = {isa = PBXBuildFile; fileRef = 299BB6DDC2A846F60D72E1F0 /* HotkeyManager.swift */; };
		EC71192E9677EAA4E2F5A2C0 /* Note.swift in Sources */ = {isa = PBXBuildFile; fileRef = 1079E75DF4BD08C37A84A968 /* Note.swift */; };
		ED95702218A9FF3F35F3495D /* SyncQueue.swift in Sources */ = {isa = PBXBuildFile; fileRef = 14E6C7017395B182C0EB0733 /* SyncQueue.swift */; };
		F070D55A3185B32FAF7835FA /* ServerLauncher.swift in Sources */ = {isa = PBXBuildFile; fileRef = 77E200FAAB3020409357DC43 /* ServerLauncher.swift */; };
/* End PBXBuildFile section */

/* Begin PBXFileReference section */
		04E851A2481E24C52DA0DF93 /* HotkeyRecorderField.swift */ = {isa = PBXFileReference; lastKnownFileType = sourcecode.swift; path = HotkeyRecorderField.swift; sourceTree = "<group>"; };
		09673A90D04295D8ADE17C3E /* DropPayloadStore.swift */ = {isa = PBXFileReference; lastKnownFileType = sourcecode.swift; path = DropPayloadStore.swift; sourceTree = "<group>"; };
		096AC32613C23DFBA4FE9C76 /* DailyReport.swift */ = {isa = PBXFileReference; lastKnownFileType = sourcecode.swift; path = DailyReport.swift; sourceTree = "<group>"; };
		09BC0033D2386FF0223874AF /* AuthService.swift */ = {isa = PBXFileReference; lastKnownFileType = sourcecode.swift; path = AuthService.swift; sourceTree = "<group>"; };
		0F652DB919B58BC615BE4B57 /* Assets.xcassets */ = {isa = PBXFileReference; lastKnownFileType = folder.assetcatalog; path = Assets.xcassets; sourceTree = "<group>"; };
		1079E75DF4BD08C37A84A968 /* Note.swift */ = {isa = PBXFileReference; lastKnownFileType = sourcecode.swift; path = Note.swift; sourceTree = "<group>"; };
		14E6C7017395B182C0EB0733 /* SyncQueue.swift */ = {isa = PBXFileReference; lastKnownFileType = sourcecode.swift; path = SyncQueue.swift; sourceTree = "<group>"; };
		1CAE42C45E7C1F386B7D82FD /* SettingsView.swift */ = {isa = PBXFileReference; lastKnownFileType = sourcecode.swift; path = SettingsView.swift; sourceTree = "<group>"; };
		1F93BB424A479EE7F81E50F0 /* LoginView.swift */ = {isa = PBXFileReference; lastKnownFileType = sourcecode.swift; path = LoginView.swift; sourceTree = "<group>"; };
		22B779E3EEA5B5ACB09EF434 /* WechatConfigSheet.swift */ = {isa = PBXFileReference; lastKnownFileType = sourcecode.swift; path = WechatConfigSheet.swift; sourceTree = "<group>"; };
		299BB6DDC2A846F60D72E1F0 /* HotkeyManager.swift */ = {isa = PBXFileReference; lastKnownFileType = sourcecode.swift; path = HotkeyManager.swift; sourceTree = "<group>"; };
		2BCCCC76ED5579DC573ABA62 /* MainSidebar.swift */ = {isa = PBXFileReference; lastKnownFileType = sourcecode.swift; path = MainSidebar.swift; sourceTree = "<group>"; };
		2FAA2A66EA75B7E100559FDA /* NoteOne.app */ = {isa = PBXFileReference; includeInIndex = 0; lastKnownFileType = wrapper.application; path = NoteOne.app; sourceTree = BUILT_PRODUCTS_DIR; };
		37B602EDB986B9E9A44D794F /* ChatMessage.swift */ = {isa = PBXFileReference; lastKnownFileType = sourcecode.swift; path = ChatMessage.swift; sourceTree = "<group>"; };
		37F332F07FEEED5830F8D113 /* ShareSheet.swift */ = {isa = PBXFileReference; lastKnownFileType = sourcecode.swift; path = ShareSheet.swift; sourceTree = "<group>"; };
		41D0A97460BE3D35B5B5E39C /* NoteListView.swift */ = {isa = PBXFileReference; lastKnownFileType = sourcecode.swift; path = NoteListView.swift; sourceTree = "<group>"; };
		490BB48DEEA279237A8A473B /* NoteDetailView.swift */ = {isa = PBXFileReference; lastKnownFileType = sourcecode.swift; path = NoteDetailView.swift; sourceTree = "<group>"; };
		4E61FD3FD2B408D9A8D7D8E0 /* ContentView.swift */ = {isa = PBXFileReference; lastKnownFileType = sourcecode.swift; path = ContentView.swift; sourceTree = "<group>"; };
		4E875B6C24D11D9C0898293C /* MainSplitView.swift */ = {isa = PBXFileReference; lastKnownFileType = sourcecode.swift; path = MainSplitView.swift; sourceTree = "<group>"; };
		57D0D4C30A3BC535056D7A10 /* AscanModels.swift */ = {isa = PBXFileReference; lastKnownFileType = sourcecode.swift; path = AscanModels.swift; sourceTree = "<group>"; };
		6BEA8C791A16C5CC865643D6 /* ReportsView.swift */ = {isa = PBXFileReference; lastKnownFileType = sourcecode.swift; path = ReportsView.swift; sourceTree = "<group>"; };
		71CF96D60D564E9C8477248C /* ShareViewController.swift */ = {isa = PBXFileReference; lastKnownFileType = sourcecode.swift; path = ShareViewController.swift; sourceTree = "<group>"; };
		73BC93FEB9429E19B23B5E29 /* CaptureView.swift */ = {isa = PBXFileReference; lastKnownFileType = sourcecode.swift; path = CaptureView.swift; sourceTree = "<group>"; };
		76C21DFC46974BFDA55F2506 /* Tag.swift */ = {isa = PBXFileReference; lastKnownFileType = sourcecode.swift; path = Tag.swift; sourceTree = "<group>"; };
		77E200FAAB3020409357DC43 /* ServerLauncher.swift */ = {isa = PBXFileReference; lastKnownFileType = sourcecode.swift; path = ServerLauncher.swift; sourceTree = "<group>"; };
		82FA9FA28AD13D36EB22561F /* Theme.swift */ = {isa = PBXFileReference; lastKnownFileType = sourcecode.swift; path = Theme.swift; sourceTree = "<group>"; };
		83FCC5C0224750CD7B2821EC /* NoteDragPayload.swift */ = {isa = PBXFileReference; lastKnownFileType = sourcecode.swift; path = NoteDragPayload.swift; sourceTree = "<group>"; };
		93ED8FC56B2194277F2CB7C7 /* NoteOneShareExtension.appex */ = {isa = PBXFileReference; includeInIndex = 0; lastKnownFileType = "wrapper.app-extension"; path = NoteOneShareExtension.appex; sourceTree = BUILT_PRODUCTS_DIR; };
		9509847332E1CD6E94D93766 /* NottyView.swift */ = {isa = PBXFileReference; lastKnownFileType = sourcecode.swift; path = NottyView.swift; sourceTree = "<group>"; };
		A147139B5F8A558D8AB007CC /* APIClient.swift */ = {isa = PBXFileReference; lastKnownFileType = sourcecode.swift; path = APIClient.swift; sourceTree = "<group>"; };
		A3BD15B7D499E6E1E88A3232 /* AuthModels.swift */ = {isa = PBXFileReference; lastKnownFileType = sourcecode.swift; path = AuthModels.swift; sourceTree = "<group>"; };
		A90E817CE5C78342A6CC13B7 /* UnifiedSettingsView.swift */ = {isa = PBXFileReference; lastKnownFileType = sourcecode.swift; path = UnifiedSettingsView.swift; sourceTree = "<group>"; };
		B53ED8E35D26CEB9AE6C9816 /* NoteOneApp.swift */ = {isa = PBXFileReference; lastKnownFileType = sourcecode.swift; path = NoteOneApp.swift; sourceTree = "<group>"; };
		C1C58163DA04DCC6DB3C1161 /* AscanConfigView.swift */ = {isa = PBXFileReference; lastKnownFileType = sourcecode.swift; path = AscanConfigView.swift; sourceTree = "<group>"; };
		C4CA362CA9A0DEF17406F4EB /* FloatingPanel.swift */ = {isa = PBXFileReference; lastKnownFileType = sourcecode.swift; path = FloatingPanel.swift; sourceTree = "<group>"; };
		C5C40C18CBEE1BFC465F5798 /* AscanReportDetailView.swift */ = {isa = PBXFileReference; lastKnownFileType = sourcecode.swift; path = AscanReportDetailView.swift; sourceTree = "<group>"; };
		CDF28AE8C3C361172D698542 /* MCPInstallView.swift */ = {isa = PBXFileReference; lastKnownFileType = sourcecode.swift; path = MCPInstallView.swift; sourceTree = "<group>"; };
		CE43870CCBC22B239AB8DFFD /* TrashView.swift */ = {isa = PBXFileReference; lastKnownFileType = sourcecode.swift; path = TrashView.swift; sourceTree = "<group>"; };
		D1E6049FD1E08FF125D9F2C7 /* ReportScheduler.swift */ = {isa = PBXFileReference; lastKnownFileType = sourcecode.swift; path = ReportScheduler.swift; sourceTree = "<group>"; };
		E127F96E2FB02EA2DA6E6483 /* KeychainHelper.swift */ = {isa = PBXFileReference; lastKnownFileType = sourcecode.swift; path = KeychainHelper.swift; sourceTree = "<group>"; };
		E466F11801DBE484BAC936A3 /* AscanReportListView.swift */ = {isa = PBXFileReference; lastKnownFileType = sourcecode.swift; path = AscanReportListView.swift; sourceTree = "<group>"; };
		E6E762FC507022AF17F62E03 /* AscanView.swift */ = {isa = PBXFileReference; lastKnownFileType = sourcecode.swift; path = AscanView.swift; sourceTree = "<group>"; };
		FB061DC2E0E8A734A94854AE /* NoteOne.app */ = {isa = PBXFileReference; explicitFileType = wrapper.application; includeInIndex = 0; path = NoteOne.app; sourceTree = BUILT_PRODUCTS_DIR; };
/* End PBXFileReference section */

/* Begin PBXGroup section */
		0A06950E5E9053C69B0BE69F /* Sources */ = {
			isa = PBXGroup;
			children = (
				71CF96D60D564E9C8477248C /* ShareViewController.swift */,
			);
			name = Sources;
			path = NoteOneShareExtension/Sources;
			sourceTree = "<group>";
		};
		57015FD0069083C20F758DB0 /* Models */ = {
			isa = PBXGroup;
			children = (
				57D0D4C30A3BC535056D7A10 /* AscanModels.swift */,
				A3BD15B7D499E6E1E88A3232 /* AuthModels.swift */,
				37B602EDB986B9E9A44D794F /* ChatMessage.swift */,
				096AC32613C23DFBA4FE9C76 /* DailyReport.swift */,
				1079E75DF4BD08C37A84A968 /* Note.swift */,
				83FCC5C0224750CD7B2821EC /* NoteDragPayload.swift */,
				76C21DFC46974BFDA55F2506 /* Tag.swift */,
			);
			path = Models;
			sourceTree = "<group>";
		};
		6E43D3869861EBF76C18AF91 /* Services */ = {
			isa = PBXGroup;
			children = (
				A147139B5F8A558D8AB007CC /* APIClient.swift */,
				09BC0033D2386FF0223874AF /* AuthService.swift */,
				09673A90D04295D8ADE17C3E /* DropPayloadStore.swift */,
				E127F96E2FB02EA2DA6E6483 /* KeychainHelper.swift */,
				D1E6049FD1E08FF125D9F2C7 /* ReportScheduler.swift */,
				77E200FAAB3020409357DC43 /* ServerLauncher.swift */,
				14E6C7017395B182C0EB0733 /* SyncQueue.swift */,
			);
			path = Services;
			sourceTree = "<group>";
		};
		8CADC88D790A56BE0932F797 /* Theme */ = {
			isa = PBXGroup;
			children = (
				82FA9FA28AD13D36EB22561F /* Theme.swift */,
			);
			path = Theme;
			sourceTree = "<group>";
		};
		AA1BAFAF4995D3CB20DDED4F = {
			isa = PBXGroup;
			children = (
				CB0579F5E448CB083149806D /* Resources */,
				B019C8BB961E3CA86E10EBC6 /* Sources */,
				0A06950E5E9053C69B0BE69F /* Sources */,
				D54CA59E6327DB5B8350E81E /* Products */,
			);
			sourceTree = "<group>";
		};
		B019C8BB961E3CA86E10EBC6 /* Sources */ = {
			isa = PBXGroup;
			children = (
				B53ED8E35D26CEB9AE6C9816 /* NoteOneApp.swift */,
				C05DCDF36B6A8A84CCC6A981 /* macOS */,
				57015FD0069083C20F758DB0 /* Models */,
				6E43D3869861EBF76C18AF91 /* Services */,
				8CADC88D790A56BE0932F797 /* Theme */,
				CCB774B1C6263F74D65361CA /* Views */,
			);
			name = Sources;
			path = NoteOne/Sources;
			sourceTree = "<group>";
		};
		C05DCDF36B6A8A84CCC6A981 /* macOS */ = {
			isa = PBXGroup;
			children = (
				C4CA362CA9A0DEF17406F4EB /* FloatingPanel.swift */,
				299BB6DDC2A846F60D72E1F0 /* HotkeyManager.swift */,
			);
			path = macOS;
			sourceTree = "<group>";
		};
		CB0579F5E448CB083149806D /* Resources */ = {
			isa = PBXGroup;
			children = (
				0F652DB919B58BC615BE4B57 /* Assets.xcassets */,
			);
			name = Resources;
			path = NoteOne/Resources;
			sourceTree = "<group>";
		};
		CCB774B1C6263F74D65361CA /* Views */ = {
			isa = PBXGroup;
			children = (
				C1C58163DA04DCC6DB3C1161 /* AscanConfigView.swift */,
				C5C40C18CBEE1BFC465F5798 /* AscanReportDetailView.swift */,
				E466F11801DBE484BAC936A3 /* AscanReportListView.swift */,
				E6E762FC507022AF17F62E03 /* AscanView.swift */,
				73BC93FEB9429E19B23B5E29 /* CaptureView.swift */,
				4E61FD3FD2B408D9A8D7D8E0 /* ContentView.swift */,
				1F93BB424A479EE7F81E50F0 /* LoginView.swift */,
				2BCCCC76ED5579DC573ABA62 /* MainSidebar.swift */,
				4E875B6C24D11D9C0898293C /* MainSplitView.swift */,
				CDF28AE8C3C361172D698542 /* MCPInstallView.swift */,
				490BB48DEEA279237A8A473B /* NoteDetailView.swift */,
				41D0A97460BE3D35B5B5E39C /* NoteListView.swift */,
				9509847332E1CD6E94D93766 /* NottyView.swift */,
				6BEA8C791A16C5CC865643D6 /* ReportsView.swift */,
				1CAE42C45E7C1F386B7D82FD /* SettingsView.swift */,
				CE43870CCBC22B239AB8DFFD /* TrashView.swift */,
				A90E817CE5C78342A6CC13B7 /* UnifiedSettingsView.swift */,
				D2C658F422876DF10010BA5C /* Settings */,
			);
			path = Views;
			sourceTree = "<group>";
		};
		D2C658F422876DF10010BA5C /* Settings */ = {
			isa = PBXGroup;
			children = (
				04E851A2481E24C52DA0DF93 /* HotkeyRecorderField.swift */,
				37F332F07FEEED5830F8D113 /* ShareSheet.swift */,
				22B779E3EEA5B5ACB09EF434 /* WechatConfigSheet.swift */,
			);
			path = Settings;
			sourceTree = "<group>";
		};
		D54CA59E6327DB5B8350E81E /* Products */ = {
			isa = PBXGroup;
			children = (
				2FAA2A66EA75B7E100559FDA /* NoteOne.app */,
				FB061DC2E0E8A734A94854AE /* NoteOne.app */,
				93ED8FC56B2194277F2CB7C7 /* NoteOneShareExtension.appex */,
			);
			name = Products;
			sourceTree = "<group>";
		};
/* End PBXGroup section */

/* Begin PBXNativeTarget section */
		1FE41A1429C43B5A2A729289 /* NoteOneShareExtension */ = {
			isa = PBXNativeTarget;
			buildConfigurationList = E4EFD5F52EA84CE904639CA0 /* Build configuration list for PBXNativeTarget "NoteOneShareExtension" */;
			buildPhases = (
				6D84A98D9B68A99B031362E0 /* Sources */,
			);
			buildRules = (
			);
			dependencies = (
			);
			name = NoteOneShareExtension;
			packageProductDependencies = (
			);
			productName = NoteOneShareExtension;
			productReference = 93ED8FC56B2194277F2CB7C7 /* NoteOneShareExtension.appex */;
			productType = "com.apple.product-type.app-extension";
		};
		3130E3A435458D823B24EDAD /* NoteOne_macOS */ = {
			isa = PBXNativeTarget;
			buildConfigurationList = D84E530D65364C9FD0936482 /* Build configuration list for PBXNativeTarget "NoteOne_macOS" */;
			buildPhases = (
				AD0A1C15F29AE87A50678EB6 /* Sources */,
				AC29182C9485AD4A501A8D93 /* Resources */,
			);
			buildRules = (
			);
			dependencies = (
			);
			name = NoteOne_macOS;
			packageProductDependencies = (
			);
			productName = NoteOne_macOS;
			productReference = FB061DC2E0E8A734A94854AE /* NoteOne.app */;
			productType = "com.apple.product-type.application";
		};
		B46F4A75CBD3813EAE2C0295 /* NoteOne_iOS */ = {
			isa = PBXNativeTarget;
			buildConfigurationList = 1396DD97F5AF510B7322FBFB /* Build configuration list for PBXNativeTarget "NoteOne_iOS" */;
			buildPhases = (
				4028FCAA129162147CAEE92F /* Sources */,
				FC5358298EE35100AB28D25B /* Resources */,
			);
			buildRules = (
			);
			dependencies = (
			);
			name = NoteOne_iOS;
			packageProductDependencies = (
			);
			productName = NoteOne_iOS;
			productReference = 2FAA2A66EA75B7E100559FDA /* NoteOne.app */;
			productType = "com.apple.product-type.application";
		};
/* End PBXNativeTarget section */

/* Begin PBXProject section */
		4FC5E1001D0B7BE0B61D3247 /* Project object */ = {
			isa = PBXProject;
			attributes = {
				BuildIndependentTargetsInParallel = YES;
				LastUpgradeCheck = 1600;
				TargetAttributes = {
					1FE41A1429C43B5A2A729289 = {
						DevelopmentTeam = "";
					};
					3130E3A435458D823B24EDAD = {
						DevelopmentTeam = "";
					};
					B46F4A75CBD3813EAE2C0295 = {
						DevelopmentTeam = "";
					};
				};
			};
			buildConfigurationList = 0216E816436F7CAEF6D05BE0 /* Build configuration list for PBXProject "NoteOne" */;
			developmentRegion = en;
			hasScannedForEncodings = 0;
			knownRegions = (
				Base,
				en,
			);
			mainGroup = AA1BAFAF4995D3CB20DDED4F;
			minimizedProjectReferenceProxies = 1;
			preferredProjectObjectVersion = 77;
			productRefGroup = D54CA59E6327DB5B8350E81E /* Products */;
			projectDirPath = "";
			projectRoot = "";
			targets = (
				1FE41A1429C43B5A2A729289 /* NoteOneShareExtension */,
				B46F4A75CBD3813EAE2C0295 /* NoteOne_iOS */,
				3130E3A435458D823B24EDAD /* NoteOne_macOS */,
			);
		};
/* End PBXProject section */

/* Begin PBXResourcesBuildPhase section */
		AC29182C9485AD4A501A8D93 /* Resources */ = {
			isa = PBXResourcesBuildPhase;
			buildActionMask = 2147483647;
			files = (
				0AA0F4266BC3B6F6B8F1B814 /* Assets.xcassets in Resources */,
			);
			runOnlyForDeploymentPostprocessing = 0;
		};
		FC5358298EE35100AB28D25B /* Resources */ = {
			isa = PBXResourcesBuildPhase;
			buildActionMask = 2147483647;
			files = (
				DA236F8F411BE8264DB35516 /* Assets.xcassets in Resources */,
			);
			runOnlyForDeploymentPostprocessing = 0;
		};
/* End PBXResourcesBuildPhase section */

/* Begin PBXSourcesBuildPhase section */
		4028FCAA129162147CAEE92F /* Sources */ = {
			isa = PBXSourcesBuildPhase;
			buildActionMask = 2147483647;
			files = (
				10F5263C8963D04F59AE8FEF /* APIClient.swift in Sources */,
				2D3CBB2E9C348E13172B654B /* AscanConfigView.swift in Sources */,
				23E4E7BCE5EC5DFB1F995E43 /* AscanModels.swift in Sources */,
				D066AA834CCD05574AD60493 /* AscanReportDetailView.swift in Sources */,
				BED52FECAD8F2EC26D54A16E /* AscanReportListView.swift in Sources */,
				8BF3A100A1EAFA95E9F52688 /* AscanView.swift in Sources */,
				3388C8E60E0175207F77FCD8 /* AuthModels.swift in Sources */,
				A276D326307511A5192F6C58 /* AuthService.swift in Sources */,
				7900B47DAC5B115E6C8BC65D /* CaptureView.swift in Sources */,
				B71C4E81A9A2EEF6987D2B43 /* ChatMessage.swift in Sources */,
				01AD1E853E8C7FD58AF576E9 /* ContentView.swift in Sources */,
				CE803CC25812D868463936C7 /* DailyReport.swift in Sources */,
				47C9A03ECAFB28A15047D880 /* DropPayloadStore.swift in Sources */,
				1AC8A13C778ED964BFC1C4D9 /* FloatingPanel.swift in Sources */,
				E821B6AB0140CC645D83574C /* HotkeyManager.swift in Sources */,
				A799A0E95E29799214E6114B /* HotkeyRecorderField.swift in Sources */,
				706218EFE6D537894BBA5531 /* KeychainHelper.swift in Sources */,
				D8974388C3F186B91C9DC7DF /* LoginView.swift in Sources */,
				1247B34F985FEF5628352116 /* MCPInstallView.swift in Sources */,
				10D7E5E046E729E33FFEE314 /* MainSidebar.swift in Sources */,
				16E3680BEE83F8BA9584A1C3 /* MainSplitView.swift in Sources */,
				0704C59F11814237F711C53B /* Note.swift in Sources */,
				0BA6C6E06F9D0E3229505304 /* NoteDetailView.swift in Sources */,
				8EF57FDC2D85A8B72B4E15ED /* NoteDragPayload.swift in Sources */,
				704AD0EFD6A50EF4E1FE7E24 /* NoteListView.swift in Sources */,
				10F0F2F51DCD8A5B64EFB8DE /* NoteOneApp.swift in Sources */,
				3F0CCA0684CF8A06E2D1BA95 /* NottyView.swift in Sources */,
				58F5346BC6D2D527DB1810AB /* ReportScheduler.swift in Sources */,
				B53C64BD271955A8ED4CBC62 /* ReportsView.swift in Sources */,
				C9D7063EF8E499B5BE1ECFAC /* ServerLauncher.swift in Sources */,
				37554AF0D24204D3657B6399 /* SettingsView.swift in Sources */,
				CB6B65E525BD4E0FD9A4737F /* ShareSheet.swift in Sources */,
				B47FCC10098D017F3D146CE3 /* SyncQueue.swift in Sources */,
				2BC4131212ABE644E3B8DAEA /* Tag.swift in Sources */,
				1618DF935486DBE43FD7E509 /* Theme.swift in Sources */,
				25DBE5C91BD9DA63F932CF98 /* TrashView.swift in Sources */,
				DB918CB34CC939B90F2DCA24 /* UnifiedSettingsView.swift in Sources */,
				5AAC27E42588329568F30FAE /* WechatConfigSheet.swift in Sources */,
			);
			runOnlyForDeploymentPostprocessing = 0;
		};
		6D84A98D9B68A99B031362E0 /* Sources */ = {
			isa = PBXSourcesBuildPhase;
			buildActionMask = 2147483647;
			files = (
				752867F30AE0200A5275A792 /* ShareViewController.swift in Sources */,
			);
			runOnlyForDeploymentPostprocessing = 0;
		};
		AD0A1C15F29AE87A50678EB6 /* Sources */ = {
			isa = PBXSourcesBuildPhase;
			buildActionMask = 2147483647;
			files = (
				A80FEA9ED8D0B7507FDBDB46 /* APIClient.swift in Sources */,
				C38213479D5D7D981128ED72 /* AscanConfigView.swift in Sources */,
				3FFB0395699513A12ED73F26 /* AscanModels.swift in Sources */,
				60E4FDF6D02AC774D26991F1 /* AscanReportDetailView.swift in Sources */,
				0CE3108F96E9D7194EC940D9 /* AscanReportListView.swift in Sources */,
				25F63C874DD497A5ED6977C8 /* AscanView.swift in Sources */,
				5E37CEDE27F2B3C18154E873 /* AuthModels.swift in Sources */,
				B73B4E0F7C9199E1D24D78C2 /* AuthService.swift in Sources */,
				44C8046955AC4D6D3DE2DD6B /* CaptureView.swift in Sources */,
				62B3E429A88D8775DCFA5CB6 /* ChatMessage.swift in Sources */,
				0ECBE548FC6E276B8B040258 /* ContentView.swift in Sources */,
				3F5C09D2FEC610090FABBFF6 /* DailyReport.swift in Sources */,
				42CC348E8287CFB43DE32808 /* DropPayloadStore.swift in Sources */,
				6AE477980D253F7C5E90C276 /* FloatingPanel.swift in Sources */,
				29B03C832D82CADE94C2F67B /* HotkeyManager.swift in Sources */,
				E67A7D512495E908E56DF3DC /* HotkeyRecorderField.swift in Sources */,
				3007C9B5986F112253CAE6F3 /* KeychainHelper.swift in Sources */,
				A2800C9A83B55804E7753C0F /* LoginView.swift in Sources */,
				2B8C5F1D4C871851581171BA /* MCPInstallView.swift in Sources */,
				1ED5F854C10518D271CF0465 /* MainSidebar.swift in Sources */,
				4459BFB7C1293B7493ACD5AD /* MainSplitView.swift in Sources */,
				EC71192E9677EAA4E2F5A2C0 /* Note.swift in Sources */,
				DF5D981F89DBB27AA09D34B5 /* NoteDetailView.swift in Sources */,
				71EEC1DDB69116CF9E39ED4C /* NoteDragPayload.swift in Sources */,
				2616763C45E756EEFFF3E380 /* NoteListView.swift in Sources */,
				D2AB1E78DFD98BB543335A16 /* NoteOneApp.swift in Sources */,
				339AF008D8024E6745D78291 /* NottyView.swift in Sources */,
				BE542556499CAE7E9BEB758B /* ReportScheduler.swift in Sources */,
				DC616C076ECDAADD95034C6C /* ReportsView.swift in Sources */,
				F070D55A3185B32FAF7835FA /* ServerLauncher.swift in Sources */,
				42EB627D9FCCA905E02A9744 /* SettingsView.swift in Sources */,
				9B3AA753FA557CDA9E899BEA /* ShareSheet.swift in Sources */,
				ED95702218A9FF3F35F3495D /* SyncQueue.swift in Sources */,
				5802ECF1F8EF845155DFD2C4 /* Tag.swift in Sources */,
				D93A6AA6BE5BADE41BB54865 /* Theme.swift in Sources */,
				DB89638BBDCE0136E772803D /* TrashView.swift in Sources */,
				E2C4A2A8486497040D2ED8F8 /* UnifiedSettingsView.swift in Sources */,
				32B81D1B2D186399D5F7F9D0 /* WechatConfigSheet.swift in Sources */,
			);
			runOnlyForDeploymentPostprocessing = 0;
		};
/* End PBXSourcesBuildPhase section */

/* Begin XCBuildConfiguration section */
		19E7257F5229CF92E31989DA /* Release */ = {
			isa = XCBuildConfiguration;
			buildSettings = {
				ASSETCATALOG_COMPILER_APPICON_NAME = AppIcon;
				CODE_SIGN_ENTITLEMENTS = NoteOne/NoteOne.entitlements;
				CODE_SIGN_IDENTITY = "iPhone Developer";
				CURRENT_PROJECT_VERSION = 1;
				INFOPLIST_FILE = NoteOne/Info.plist;
				LD_RUNPATH_SEARCH_PATHS = (
					"$(inherited)",
					"@executable_path/Frameworks",
				);
				MARKETING_VERSION = 0.1.0;
				PRODUCT_BUNDLE_IDENTIFIER = com.noteone.app;
				PRODUCT_NAME = NoteOne;
				SDKROOT = iphoneos;
				TARGETED_DEVICE_FAMILY = "1,2";
			};
			name = Release;
		};
		324F69944EB4D05C4C05B97E /* Debug */ = {
			isa = XCBuildConfiguration;
			buildSettings = {
				ALWAYS_SEARCH_USER_PATHS = NO;
				CLANG_ANALYZER_NONNULL = YES;
				CLANG_ANALYZER_NUMBER_OBJECT_CONVERSION = YES_AGGRESSIVE;
				CLANG_CXX_LANGUAGE_STANDARD = "gnu++14";
				CLANG_CXX_LIBRARY = "libc++";
				CLANG_ENABLE_MODULES = YES;
				CLANG_ENABLE_OBJC_ARC = YES;
				CLANG_ENABLE_OBJC_WEAK = YES;
				CLANG_WARN_BLOCK_CAPTURE_AUTORELEASING = YES;
				CLANG_WARN_BOOL_CONVERSION = YES;
				CLANG_WARN_COMMA = YES;
				CLANG_WARN_CONSTANT_CONVERSION = YES;
				CLANG_WARN_DEPRECATED_OBJC_IMPLEMENTATIONS = YES;
				CLANG_WARN_DIRECT_OBJC_ISA_USAGE = YES_ERROR;
				CLANG_WARN_DOCUMENTATION_COMMENTS = YES;
				CLANG_WARN_EMPTY_BODY = YES;
				CLANG_WARN_ENUM_CONVERSION = YES;
				CLANG_WARN_INFINITE_RECURSION = YES;
				CLANG_WARN_INT_CONVERSION = YES;
				CLANG_WARN_NON_LITERAL_NULL_CONVERSION = YES;
				CLANG_WARN_OBJC_IMPLICIT_RETAIN_SELF = YES;
				CLANG_WARN_OBJC_LITERAL_CONVERSION = YES;
				CLANG_WARN_OBJC_ROOT_CLASS = YES_ERROR;
				CLANG_WARN_QUOTED_INCLUDE_IN_FRAMEWORK_HEADER = YES;
				CLANG_WARN_RANGE_LOOP_ANALYSIS = YES;
				CLANG_WARN_STRICT_PROTOTYPES = YES;
				CLANG_WARN_SUSPICIOUS_MOVE = YES;
				CLANG_WARN_UNGUARDED_AVAILABILITY = YES_AGGRESSIVE;
				CLANG_WARN_UNREACHABLE_CODE = YES;
				CLANG_WARN__DUPLICATE_METHOD_MATCH = YES;
				CODE_SIGNING_ALLOWED = NO;
				CODE_SIGN_IDENTITY = "-";
				COPY_PHASE_STRIP = NO;
				DEBUG_INFORMATION_FORMAT = dwarf;
				DEVELOPMENT_TEAM = "";
				ENABLE_STRICT_OBJC_MSGSEND = YES;
				ENABLE_TESTABILITY = YES;
				GCC_C_LANGUAGE_STANDARD = gnu11;
				GCC_DYNAMIC_NO_PIC = NO;
				GCC_NO_COMMON_BLOCKS = YES;
				GCC_OPTIMIZATION_LEVEL = 0;
				GCC_PREPROCESSOR_DEFINITIONS = (
					"$(inherited)",
					"DEBUG=1",
				);
				GCC_WARN_64_TO_32_BIT_CONVERSION = YES;
				GCC_WARN_ABOUT_RETURN_TYPE = YES_ERROR;
				GCC_WARN_UNDECLARED_SELECTOR = YES;
				GCC_WARN_UNINITIALIZED_AUTOS = YES_AGGRESSIVE;
				GCC_WARN_UNUSED_FUNCTION = YES;
				GCC_WARN_UNUSED_VARIABLE = YES;
				IPHONEOS_DEPLOYMENT_TARGET = 17.0;
				MACOSX_DEPLOYMENT_TARGET = 14.0;
				MTL_ENABLE_DEBUG_INFO = INCLUDE_SOURCE;
				MTL_FAST_MATH = YES;
				ONLY_ACTIVE_ARCH = YES;
				PRODUCT_NAME = "$(TARGET_NAME)";
				SWIFT_ACTIVE_COMPILATION_CONDITIONS = DEBUG;
				SWIFT_OPTIMIZATION_LEVEL = "-Onone";
				SWIFT_VERSION = 6.0;
			};
			name = Debug;
		};
		66352E41F10DB622EFD38052 /* Release */ = {
			isa = XCBuildConfiguration;
			buildSettings = {
				ASSETCATALOG_COMPILER_APPICON_NAME = AppIcon;
				CODE_SIGN_ENTITLEMENTS = NoteOne/NoteOne.entitlements;
				COMBINE_HIDPI_IMAGES = YES;
				CURRENT_PROJECT_VERSION = 1;
				INFOPLIST_FILE = NoteOne/Info.plist;
				LD_RUNPATH_SEARCH_PATHS = (
					"$(inherited)",
					"@executable_path/../Frameworks",
				);
				MARKETING_VERSION = 0.1.0;
				PRODUCT_BUNDLE_IDENTIFIER = com.noteone.app;
				PRODUCT_NAME = NoteOne;
				SDKROOT = macosx;
			};
			name = Release;
		};
		67ACFFBE87732187DA8842D5 /* Release */ = {
			isa = XCBuildConfiguration;
			buildSettings = {
				CODE_SIGN_ENTITLEMENTS = NoteOneShareExtension/ShareExtension.entitlements;
				INFOPLIST_FILE = NoteOneShareExtension/Info.plist;
				LD_RUNPATH_SEARCH_PATHS = (
					"$(inherited)",
					"@executable_path/Frameworks",
					"@executable_path/../../Frameworks",
				);
				PRODUCT_BUNDLE_IDENTIFIER = com.noteone.app.share;
				SDKROOT = iphoneos;
				TARGETED_DEVICE_FAMILY = "1,2";
			};
			name = Release;
		};
		8BF444C5F421CF2BE759977F /* Debug */ = {
			isa = XCBuildConfiguration;
			buildSettings = {
				CODE_SIGN_ENTITLEMENTS = NoteOneShareExtension/ShareExtension.entitlements;
				INFOPLIST_FILE = NoteOneShareExtension/Info.plist;
				LD_RUNPATH_SEARCH_PATHS = (
					"$(inherited)",
					"@executable_path/Frameworks",
					"@executable_path/../../Frameworks",
				);
				PRODUCT_BUNDLE_IDENTIFIER = com.noteone.app.share;
				SDKROOT = iphoneos;
				TARGETED_DEVICE_FAMILY = "1,2";
			};
			name = Debug;
		};
		D4FFD608292280C20B81F3BB /* Release */ = {
			isa = XCBuildConfiguration;
			buildSettings = {
				ALWAYS_SEARCH_USER_PATHS = NO;
				CLANG_ANALYZER_NONNULL = YES;
				CLANG_ANALYZER_NUMBER_OBJECT_CONVERSION = YES_AGGRESSIVE;
				CLANG_CXX_LANGUAGE_STANDARD = "gnu++14";
				CLANG_CXX_LIBRARY = "libc++";
				CLANG_ENABLE_MODULES = YES;
				CLANG_ENABLE_OBJC_ARC = YES;
				CLANG_ENABLE_OBJC_WEAK = YES;
				CLANG_WARN_BLOCK_CAPTURE_AUTORELEASING = YES;
				CLANG_WARN_BOOL_CONVERSION = YES;
				CLANG_WARN_COMMA = YES;
				CLANG_WARN_CONSTANT_CONVERSION = YES;
				CLANG_WARN_DEPRECATED_OBJC_IMPLEMENTATIONS = YES;
				CLANG_WARN_DIRECT_OBJC_ISA_USAGE = YES_ERROR;
				CLANG_WARN_DOCUMENTATION_COMMENTS = YES;
				CLANG_WARN_EMPTY_BODY = YES;
				CLANG_WARN_ENUM_CONVERSION = YES;
				CLANG_WARN_INFINITE_RECURSION = YES;
				CLANG_WARN_INT_CONVERSION = YES;
				CLANG_WARN_NON_LITERAL_NULL_CONVERSION = YES;
				CLANG_WARN_OBJC_IMPLICIT_RETAIN_SELF = YES;
				CLANG_WARN_OBJC_LITERAL_CONVERSION = YES;
				CLANG_WARN_OBJC_ROOT_CLASS = YES_ERROR;
				CLANG_WARN_QUOTED_INCLUDE_IN_FRAMEWORK_HEADER = YES;
				CLANG_WARN_RANGE_LOOP_ANALYSIS = YES;
				CLANG_WARN_STRICT_PROTOTYPES = YES;
				CLANG_WARN_SUSPICIOUS_MOVE = YES;
				CLANG_WARN_UNGUARDED_AVAILABILITY = YES_AGGRESSIVE;
				CLANG_WARN_UNREACHABLE_CODE = YES;
				CLANG_WARN__DUPLICATE_METHOD_MATCH = YES;
				CODE_SIGNING_ALLOWED = NO;
				CODE_SIGN_IDENTITY = "-";
				COPY_PHASE_STRIP = NO;
				DEBUG_INFORMATION_FORMAT = "dwarf-with-dsym";
				DEVELOPMENT_TEAM = "";
				ENABLE_NS_ASSERTIONS = NO;
				ENABLE_STRICT_OBJC_MSGSEND = YES;
				GCC_C_LANGUAGE_STANDARD = gnu11;
				GCC_NO_COMMON_BLOCKS = YES;
				GCC_WARN_64_TO_32_BIT_CONVERSION = YES;
				GCC_WARN_ABOUT_RETURN_TYPE = YES_ERROR;
				GCC_WARN_UNDECLARED_SELECTOR = YES;
				GCC_WARN_UNINITIALIZED_AUTOS = YES_AGGRESSIVE;
				GCC_WARN_UNUSED_FUNCTION = YES;
				GCC_WARN_UNUSED_VARIABLE = YES;
				IPHONEOS_DEPLOYMENT_TARGET = 17.0;
				MACOSX_DEPLOYMENT_TARGET = 14.0;
				MTL_ENABLE_DEBUG_INFO = NO;
				MTL_FAST_MATH = YES;
				PRODUCT_NAME = "$(TARGET_NAME)";
				SWIFT_COMPILATION_MODE = wholemodule;
				SWIFT_OPTIMIZATION_LEVEL = "-O";
				SWIFT_VERSION = 6.0;
			};
			name = Release;
		};
		DAF4FB9011376DA98138BC1E /* Debug */ = {
			isa = XCBuildConfiguration;
			buildSettings = {
				ASSETCATALOG_COMPILER_APPICON_NAME = AppIcon;
				CODE_SIGN_ENTITLEMENTS = NoteOne/NoteOne.entitlements;
				CODE_SIGN_IDENTITY = "iPhone Developer";
				CURRENT_PROJECT_VERSION = 1;
				INFOPLIST_FILE = NoteOne/Info.plist;
				LD_RUNPATH_SEARCH_PATHS = (
					"$(inherited)",
					"@executable_path/Frameworks",
				);
				MARKETING_VERSION = 0.1.0;
				PRODUCT_BUNDLE_IDENTIFIER = com.noteone.app;
				PRODUCT_NAME = NoteOne;
				SDKROOT = iphoneos;
				TARGETED_DEVICE_FAMILY = "1,2";
			};
			name = Debug;
		};
		DC896F4F0F2520D0C3D0EBA8 /* Debug */ = {
			isa = XCBuildConfiguration;
			buildSettings = {
				ASSETCATALOG_COMPILER_APPICON_NAME = AppIcon;
				CODE_SIGN_ENTITLEMENTS = NoteOne/NoteOne.entitlements;
				COMBINE_HIDPI_IMAGES = YES;
				CURRENT_PROJECT_VERSION = 1;
				INFOPLIST_FILE = NoteOne/Info.plist;
				LD_RUNPATH_SEARCH_PATHS = (
					"$(inherited)",
					"@executable_path/../Frameworks",
				);
				MARKETING_VERSION = 0.1.0;
				PRODUCT_BUNDLE_IDENTIFIER = com.noteone.app;
				PRODUCT_NAME = NoteOne;
				SDKROOT = macosx;
			};
			name = Debug;
		};
/* End XCBuildConfiguration section */

/* Begin XCConfigurationList section */
		0216E816436F7CAEF6D05BE0 /* Build configuration list for PBXProject "NoteOne" */ = {
			isa = XCConfigurationList;
			buildConfigurations = (
				324F69944EB4D05C4C05B97E /* Debug */,
				D4FFD608292280C20B81F3BB /* Release */,
			);
			defaultConfigurationIsVisible = 0;
			defaultConfigurationName = Debug;
		};
		1396DD97F5AF510B7322FBFB /* Build configuration list for PBXNativeTarget "NoteOne_iOS" */ = {
			isa = XCConfigurationList;
			buildConfigurations = (
				DAF4FB9011376DA98138BC1E /* Debug */,
				19E7257F5229CF92E31989DA /* Release */,
			);
			defaultConfigurationIsVisible = 0;
			defaultConfigurationName = Debug;
		};
		D84E530D65364C9FD0936482 /* Build configuration list for PBXNativeTarget "NoteOne_macOS" */ = {
			isa = XCConfigurationList;
			buildConfigurations = (
				DC896F4F0F2520D0C3D0EBA8 /* Debug */,
				66352E41F10DB622EFD38052 /* Release */,
			);
			defaultConfigurationIsVisible = 0;
			defaultConfigurationName = Debug;
		};
		E4EFD5F52EA84CE904639CA0 /* Build configuration list for PBXNativeTarget "NoteOneShareExtension" */ = {
			isa = XCConfigurationList;
			buildConfigurations = (
				8BF444C5F421CF2BE759977F /* Debug */,
				67ACFFBE87732187DA8842D5 /* Release */,
			);
			defaultConfigurationIsVisible = 0;
			defaultConfigurationName = Debug;
		};
/* End XCConfigurationList section */
	};
	rootObject = 4FC5E1001D0B7BE0B61D3247 /* Project object */;
}
